
Microsoft Visual Studio Solution File, Format Version 12.00
# Visual Studio 2012
Project("{2150E333-8FDC-42A3-9474-1A3956D46DE8}") = "WPF", "WPF", "{D635AE6B-98AE-4DE2-B780-B6605069B979}"
EndProject
Project("{FAE04EC0-301F-11D3-BF4B-00C04F79EFBC}") = "Yuhan.Common", "Yuhan.Common\Yuhan.Common.csproj", "{DFB82EEC-411E-4EDE-AB06-2333F9259CBF}"
EndProject
Project("{FAE04EC0-301F-11D3-BF4B-00C04F79EFBC}") = "Yuhan.WPF", "Yuhan.WPF\Yuhan.WPF.csproj", "{BA51331E-E146-42AB-A32F-78674F869512}"
EndProject
Project("{FAE04EC0-301F-11D3-BF4B-00C04F79EFBC}") = "Yuhan.WPF.Demo", "Yuhan.WPF.Demo\Yuhan.WPF.Demo.csproj", "{7072A8C0-B951-4996-8CC1-6886DCE60016}"
EndProject
Project("{FAE04EC0-301F-11D3-BF4B-00C04F79EFBC}") = "Yuhan.WPF.DragDrop", "Yuhan.WPF.DragDrop\Yuhan.WPF.DragDrop.csproj", "{A4F6A0D6-0D9D-402E-80F6-6929F9AA53CB}"
EndProject
Project("{FAE04EC0-301F-11D3-BF4B-00C04F79EFBC}") = "Yuhan.WPF.DragDrop.Demo", "Yuhan.WPF.DragDrop.Demo\Yuhan.WPF.DragDrop.Demo.csproj", "{793C090B-03BE-4654-B3A0-C297151541B7}"
EndProject
Project("{FAE04EC0-301F-11D3-BF4B-00C04F79EFBC}") = "Yuhan.WPF.DragDrop.Demo2", "Yuhan.WPF.DragDrop.Demo2\Yuhan.WPF.DragDrop.Demo2.csproj", "{55A396E5-76F4-4878-B6E2-7A7F226218E6}"
EndProject
Project("{FAE04EC0-301F-11D3-BF4B-00C04F79EFBC}") = "Yuhan.WPF.MenuListBox", "Yuhan.WPF.MenuListBox\Yuhan.WPF.MenuListBox.csproj", "{8972A52C-B69B-4F2B-AE96-BF77CF08AFBB}"
EndProject
Project("{FAE04EC0-301F-11D3-BF4B-00C04F79EFBC}") = "Yuhan.WPF.VisualContainer", "Yuhan.WPF.VisualContainer\Yuhan.WPF.VisualContainer.csproj", "{82D32530-19F1-4B9E-9722-22FBFA41D73E}"
EndProject
Project("{FAE04EC0-301F-11D3-BF4B-00C04F79EFBC}") = "Yuhan.WPF.TreeListView", "Yuhan.WPF.TreeListView\Yuhan.WPF.TreeListView.csproj", "{8229625C-1246-429C-AA9E-31BF95D6BBC7}"
EndProject
Project("{FAE04EC0-301F-11D3-BF4B-00C04F79EFBC}") = "Yuhan.WPF.TreeListView.Demo", "Yuhan.WPF.TreeListView.Demo\Yuhan.WPF.TreeListView.Demo.csproj", "{7EA4755E-69C6-4D2A-9BB5-9F8A83E0BC56}"
EndProject
Project("{FAE04EC0-301F-11D3-BF4B-00C04F79EFBC}") = "Yuhan.WPF.DsxGridCtrl", "Yuhan.WPF.DsxGridCtrl\Yuhan.WPF.DsxGridCtrl.csproj", "{1D478597-33A4-485C-91A0-2C436F3B5704}"
EndProject
Project("{FAE04EC0-301F-11D3-BF4B-00C04F79EFBC}") = "Yuhan.WPF.DsxGridCtrl.Demo", "Yuhan.WPF.DsxGridCtrl.Demo\Yuhan.WPF.DsxGridCtrl.Demo.csproj", "{2AFEEC4A-621A-40C3-8E02-4C3B0A0DF906}"
EndProject
Project("{FAE04EC0-301F-11D3-BF4B-00C04F79EFBC}") = "Yuhan.WPF.CustomWindow", "Yuhan.WPF.CustomWindow\Yuhan.WPF.CustomWindow.csproj", "{2E31329F-4972-4FC9-9399-B03D2853FD58}"
EndProject
Project("{FAE04EC0-301F-11D3-BF4B-00C04F79EFBC}") = "Yuhan.WPF.MessageBox", "Yuhan.WPF.MessageBox\Yuhan.WPF.MessageBox.csproj", "{86ECBDD7-735D-4182-BEBC-935F61C91DD0}"
EndProject
Project("{FAE04EC0-301F-11D3-BF4B-00C04F79EFBC}") = "Yuhan.WPF.MessageBox.Demo", "Yuhan.WPF.MessageBox.Demo\Yuhan.WPF.MessageBox.Demo.csproj", "{1CD443E6-0002-4F71-A524-F05F9DC10C72}"
EndProject
Project("{FAE04EC0-301F-11D3-BF4B-00C04F79EFBC}") = "Yuhan.WPF.GaugeBar", "Yuhan.WPF.GaugeBar\Yuhan.WPF.GaugeBar.csproj", "{1DDC418C-69C4-417F-8DBA-23800480019F}"
EndProject
Project("{FAE04EC0-301F-11D3-BF4B-00C04F79EFBC}") = "Yuhan.WPF.Test", "Yuhan.WPF.Test\Yuhan.WPF.Test.csproj", "{B9F2D644-7C12-417B-A13B-43573906648B}"
EndProject
Project("{FAE04EC0-301F-11D3-BF4B-00C04F79EFBC}") = "Yuhan.WPF.VisualContainer.Demo", "Yuhan.WPF.VisualContainer.Demo\Yuhan.WPF.VisualContainer.Demo.csproj", "{6459EA71-C938-423D-BD2E-E5EC97A70113}"
EndProject
Project("{FAE04EC0-301F-11D3-BF4B-00C04F79EFBC}") = "Yuhan.WPF.Login", "Yuhan.WPF.Login\Yuhan.WPF.Login.csproj", "{D01EDEBE-474A-4A54-9A0E-2E8C878D7286}"
EndProject
Project("{FAE04EC0-301F-11D3-BF4B-00C04F79EFBC}") = "Yuhan.WPF.Login.Demo", "Yuhan.WPF.Login.Demo\Yuhan.WPF.Login.Demo.csproj", "{006368F8-13D6-40BB-8D0E-7A4F928662D6}"
EndProject
Project("{FAE04EC0-301F-11D3-BF4B-00C04F79EFBC}") = "Yuhan.WPF.AdornedControl", "Yuhan.WPF.AdornedControl\Yuhan.WPF.AdornedControl.csproj", "{E02FD37D-D9E7-4736-9FC1-8A596B844E25}"
EndProject
Project("{FAE04EC0-301F-11D3-BF4B-00C04F79EFBC}") = "Yuhan.WPF.AdornerdControl.Demo", "Yuhan.WPF.AdornerdControl.Demo\Yuhan.WPF.AdornerdControl.Demo.csproj", "{44209AA6-AD31-4437-94BD-691A874CC088}"
EndProject
Project("{FAE04EC0-301F-11D3-BF4B-00C04F79EFBC}") = "Yuhan.WPF.CircleContextMenu.Demo", "Yuhan.WPF.CircleContextMenu.Demo\Yuhan.WPF.CircleContextMenu.Demo.csproj", "{F547D1E3-DD15-4DA1-807C-1D53ED1540B1}"
EndProject
Project("{FAE04EC0-301F-11D3-BF4B-00C04F79EFBC}") = "Yuhan.WPF.CircleContextMenu", "Yuhan.WPF.CircleContextMenu\Yuhan.WPF.CircleContextMenu.csproj", "{6A596B46-3E33-4876-90BF-80CB412CDBF6}"
EndProject
Project("{FAE04EC0-301F-11D3-BF4B-00C04F79EFBC}") = "Yuhan.WPF.RadialPanel.Demo", "Yuhan.WPF.RadialPanel.Demo\Yuhan.WPF.RadialPanel.Demo.csproj", "{D3D326A5-ECB2-42B2-88F9-2315CC5EDBA1}"
EndProject
Project("{FAE04EC0-301F-11D3-BF4B-00C04F79EFBC}") = "Yuhan.WPF.SpiderTreeControl.Demo", "Yuhan.WPF.SpiderTreeControl\Yuhan.WPF.SpiderTreeControl.Demo.csproj", "{8940A9D7-EE86-49EA-A6D1-11F7D627D3B5}"
EndProject
Project("{FAE04EC0-301F-11D3-BF4B-00C04F79EFBC}") = "Yuhan.WPF.MenuKiller", "Yuhan.WPF.MenuKiller\Yuhan.WPF.MenuKiller.csproj", "{A3C96363-2ACE-4850-AC75-D1EBA74D7485}"
EndProject
Project("{FAE04EC0-301F-11D3-BF4B-00C04F79EFBC}") = "Yuhan.WPF.MenuKiller.Demo", "Yuhan.WPF.MenuKiller.Demo\Yuhan.WPF.MenuKiller.Demo.csproj", "{9067A5C7-953D-4A08-AC0F-3177A1346B29}"
EndProject
Project("{FAE04EC0-301F-11D3-BF4B-00C04F79EFBC}") = "Yuhan.WPF.PieMenuList", "Yuhan.WPF.PieMenuList\Yuhan.WPF.PieMenuList.csproj", "{2C2FF11A-14EC-4622-A385-1727F7AD8D82}"
EndProject
Project("{FAE04EC0-301F-11D3-BF4B-00C04F79EFBC}") = "Yuhan.WPF.PieMenuList.Demo", "Yuhan.WPF.PieMenuList.Demo\Yuhan.WPF.PieMenuList.Demo.csproj", "{B8A2B481-32C4-47E4-A0EB-83EB6B5C7128}"
EndProject
Project("{2150E333-8FDC-42A3-9474-1A3956D46DE8}") = "WPF.Demo", "WPF.Demo", "{0A373A62-EB8E-42BE-B5CC-1322D9CEE75B}"
EndProject
Project("{FAE04EC0-301F-11D3-BF4B-00C04F79EFBC}") = "Yuhan.WPF.HtmlEditor", "Yuhan.WPF.HtmlEditor\Yuhan.WPF.HtmlEditor.csproj", "{EAA5BD4D-B1BD-4C18-8F4B-0BE59F83A044}"
EndProject
Project("{FAE04EC0-301F-11D3-BF4B-00C04F79EFBC}") = "Yuhan.WPF.XamlToHtmlParser", "Yuhan.WPF.XamlToHtmlParser\Yuhan.WPF.XamlToHtmlParser.csproj", "{10CE07EB-F014-470C-A065-406D171747B4}"
EndProject
Project("{FAE04EC0-301F-11D3-BF4B-00C04F79EFBC}") = "Yuhan.WPF.HtmlEditor.Demo", "Yuhan.WPF.HtmlEditor.Demo\Yuhan.WPF.HtmlEditor.Demo.csproj", "{9E151A29-C16E-49BD-B085-665AB2630232}"
EndProject
Project("{FAE04EC0-301F-11D3-BF4B-00C04F79EFBC}") = "Yuhan.WPF.TextEditor", "Yuhan.WPF.RichTextEditor\Yuhan.WPF.TextEditor.csproj", "{49CCBE3B-6D98-4ABC-8FA5-F0AD6AE67D09}"
EndProject
Project("{FAE04EC0-301F-11D3-BF4B-00C04F79EFBC}") = "Yuhan.WPF.TextEditor.Demo", "Yuhan.WPF.TextEditor.Demo\Yuhan.WPF.TextEditor.Demo.csproj", "{0364FB1A-66F7-4509-8811-53BFD366B5F9}"
EndProject
Project("{FAE04EC0-301F-11D3-BF4B-00C04F79EFBC}") = "Yuhan.Data.Excel", "Yuhan.Data.Excel\Yuhan.Data.Excel.csproj", "{8F0ACBAA-C96C-4F26-929B-1BB6581E2FD0}"
EndProject
Project("{FAE04EC0-301F-11D3-BF4B-00C04F79EFBC}") = "Yunan.WPF.ImageAnim", "Yunan.WPF.ImageAnim\Yunan.WPF.ImageAnim.csproj", "{FD0E8AE8-AC2C-45A2-95D8-C3AD659D9532}"
EndProject
Project("{FAE04EC0-301F-11D3-BF4B-00C04F79EFBC}") = "Yuhan.WPF.GaugeBar.Demo", "Yuhan.WPF.GaugeBar.Demo\Yuhan.WPF.GaugeBar.Demo.csproj", "{02AD0836-64D8-413F-9B0A-51C2EF37221F}"
EndProject
Global
	GlobalSection(SolutionConfigurationPlatforms) = preSolution
		Debug|Any CPU = Debug|Any CPU
		Release|Any CPU = Release|Any CPU
	EndGlobalSection
	GlobalSection(ProjectConfigurationPlatforms) = postSolution
		{DFB82EEC-411E-4EDE-AB06-2333F9259CBF}.Debug|Any CPU.ActiveCfg = Debug|Any CPU
		{DFB82EEC-411E-4EDE-AB06-2333F9259CBF}.Debug|Any CPU.Build.0 = Debug|Any CPU
		{DFB82EEC-411E-4EDE-AB06-2333F9259CBF}.Release|Any CPU.ActiveCfg = Release|Any CPU
		{DFB82EEC-411E-4EDE-AB06-2333F9259CBF}.Release|Any CPU.Build.0 = Release|Any CPU
		{BA51331E-E146-42AB-A32F-78674F869512}.Debug|Any CPU.ActiveCfg = Debug|Any CPU
		{BA51331E-E146-42AB-A32F-78674F869512}.Debug|Any CPU.Build.0 = Debug|Any CPU
		{BA51331E-E146-42AB-A32F-78674F869512}.Release|Any CPU.ActiveCfg = Release|Any CPU
		{BA51331E-E146-42AB-A32F-78674F869512}.Release|Any CPU.Build.0 = Release|Any CPU
		{7072A8C0-B951-4996-8CC1-6886DCE60016}.Debug|Any CPU.ActiveCfg = Debug|Any CPU
		{7072A8C0-B951-4996-8CC1-6886DCE60016}.Debug|Any CPU.Build.0 = Debug|Any CPU
		{7072A8C0-B951-4996-8CC1-6886DCE60016}.Release|Any CPU.ActiveCfg = Release|Any CPU
		{7072A8C0-B951-4996-8CC1-6886DCE60016}.Release|Any CPU.Build.0 = Release|Any CPU
		{A4F6A0D6-0D9D-402E-80F6-6929F9AA53CB}.Debug|Any CPU.ActiveCfg = Debug|Any CPU
		{A4F6A0D6-0D9D-402E-80F6-6929F9AA53CB}.Debug|Any CPU.Build.0 = Debug|Any CPU
		{A4F6A0D6-0D9D-402E-80F6-6929F9AA53CB}.Release|Any CPU.ActiveCfg = Release|Any CPU
		{A4F6A0D6-0D9D-402E-80F6-6929F9AA53CB}.Release|Any CPU.Build.0 = Release|Any CPU
		{793C090B-03BE-4654-B3A0-C297151541B7}.Debug|Any CPU.ActiveCfg = Debug|Any CPU
		{793C090B-03BE-4654-B3A0-C297151541B7}.Debug|Any CPU.Build.0 = Debug|Any CPU
		{793C090B-03BE-4654-B3A0-C297151541B7}.Release|Any CPU.ActiveCfg = Release|Any CPU
		{793C090B-03BE-4654-B3A0-C297151541B7}.Release|Any CPU.Build.0 = Release|Any CPU
		{55A396E5-76F4-4878-B6E2-7A7F226218E6}.Debug|Any CPU.ActiveCfg = Debug|Any CPU
		{55A396E5-76F4-4878-B6E2-7A7F226218E6}.Debug|Any CPU.Build.0 = Debug|Any CPU
		{55A396E5-76F4-4878-B6E2-7A7F226218E6}.Release|Any CPU.ActiveCfg = Release|Any CPU
		{55A396E5-76F4-4878-B6E2-7A7F226218E6}.Release|Any CPU.Build.0 = Release|Any CPU
		{8972A52C-B69B-4F2B-AE96-BF77CF08AFBB}.Debug|Any CPU.ActiveCfg = Debug|Any CPU
		{8972A52C-B69B-4F2B-AE96-BF77CF08AFBB}.Debug|Any CPU.Build.0 = Debug|Any CPU
		{8972A52C-B69B-4F2B-AE96-BF77CF08AFBB}.Release|Any CPU.ActiveCfg = Release|Any CPU
		{8972A52C-B69B-4F2B-AE96-BF77CF08AFBB}.Release|Any CPU.Build.0 = Release|Any CPU
		{82D32530-19F1-4B9E-9722-22FBFA41D73E}.Debug|Any CPU.ActiveCfg = Debug|Any CPU
		{82D32530-19F1-4B9E-9722-22FBFA41D73E}.Debug|Any CPU.Build.0 = Debug|Any CPU
		{82D32530-19F1-4B9E-9722-22FBFA41D73E}.Release|Any CPU.ActiveCfg = Release|Any CPU
		{82D32530-19F1-4B9E-9722-22FBFA41D73E}.Release|Any CPU.Build.0 = Release|Any CPU
		{8229625C-1246-429C-AA9E-31BF95D6BBC7}.Debug|Any CPU.ActiveCfg = Debug|Any CPU
		{8229625C-1246-429C-AA9E-31BF95D6BBC7}.Debug|Any CPU.Build.0 = Debug|Any CPU
		{8229625C-1246-429C-AA9E-31BF95D6BBC7}.Release|Any CPU.ActiveCfg = Release|Any CPU
		{8229625C-1246-429C-AA9E-31BF95D6BBC7}.Release|Any CPU.Build.0 = Release|Any CPU
		{7EA4755E-69C6-4D2A-9BB5-9F8A83E0BC56}.Debug|Any CPU.ActiveCfg = Debug|Any CPU
		{7EA4755E-69C6-4D2A-9BB5-9F8A83E0BC56}.Debug|Any CPU.Build.0 = Debug|Any CPU
		{7EA4755E-69C6-4D2A-9BB5-9F8A83E0BC56}.Release|Any CPU.ActiveCfg = Release|Any CPU
		{7EA4755E-69C6-4D2A-9BB5-9F8A83E0BC56}.Release|Any CPU.Build.0 = Release|Any CPU
		{1D478597-33A4-485C-91A0-2C436F3B5704}.Debug|Any CPU.ActiveCfg = Debug|Any CPU
		{1D478597-33A4-485C-91A0-2C436F3B5704}.Debug|Any CPU.Build.0 = Debug|Any CPU
		{1D478597-33A4-485C-91A0-2C436F3B5704}.Release|Any CPU.ActiveCfg = Release|Any CPU
		{1D478597-33A4-485C-91A0-2C436F3B5704}.Release|Any CPU.Build.0 = Release|Any CPU
		{2AFEEC4A-621A-40C3-8E02-4C3B0A0DF906}.Debug|Any CPU.ActiveCfg = Debug|Any CPU
		{2AFEEC4A-621A-40C3-8E02-4C3B0A0DF906}.Debug|Any CPU.Build.0 = Debug|Any CPU
		{2AFEEC4A-621A-40C3-8E02-4C3B0A0DF906}.Release|Any CPU.ActiveCfg = Release|Any CPU
		{2AFEEC4A-621A-40C3-8E02-4C3B0A0DF906}.Release|Any CPU.Build.0 = Release|Any CPU
		{2E31329F-4972-4FC9-9399-B03D2853FD58}.Debug|Any CPU.ActiveCfg = Debug|Any CPU
		{2E31329F-4972-4FC9-9399-B03D2853FD58}.Debug|Any CPU.Build.0 = Debug|Any CPU
		{2E31329F-4972-4FC9-9399-B03D2853FD58}.Release|Any CPU.ActiveCfg = Release|Any CPU
		{2E31329F-4972-4FC9-9399-B03D2853FD58}.Release|Any CPU.Build.0 = Release|Any CPU
		{86ECBDD7-735D-4182-BEBC-935F61C91DD0}.Debug|Any CPU.ActiveCfg = Debug|Any CPU
		{86ECBDD7-735D-4182-BEBC-935F61C91DD0}.Debug|Any CPU.Build.0 = Debug|Any CPU
		{86ECBDD7-735D-4182-BEBC-935F61C91DD0}.Release|Any CPU.ActiveCfg = Release|Any CPU
		{86ECBDD7-735D-4182-BEBC-935F61C91DD0}.Release|Any CPU.Build.0 = Release|Any CPU
		{1CD443E6-0002-4F71-A524-F05F9DC10C72}.Debug|Any CPU.ActiveCfg = Debug|Any CPU
		{1CD443E6-0002-4F71-A524-F05F9DC10C72}.Debug|Any CPU.Build.0 = Debug|Any CPU
		{1CD443E6-0002-4F71-A524-F05F9DC10C72}.Release|Any CPU.ActiveCfg = Release|Any CPU
		{1CD443E6-0002-4F71-A524-F05F9DC10C72}.Release|Any CPU.Build.0 = Release|Any CPU
		{1DDC418C-69C4-417F-8DBA-23800480019F}.Debug|Any CPU.ActiveCfg = Debug|Any CPU
		{1DDC418C-69C4-417F-8DBA-23800480019F}.Debug|Any CPU.Build.0 = Debug|Any CPU
		{1DDC418C-69C4-417F-8DBA-23800480019F}.Release|Any CPU.ActiveCfg = Release|Any CPU
		{1DDC418C-69C4-417F-8DBA-23800480019F}.Release|Any CPU.Build.0 = Release|Any CPU
		{B9F2D644-7C12-417B-A13B-43573906648B}.Debug|Any CPU.ActiveCfg = Debug|Any CPU
		{B9F2D644-7C12-417B-A13B-43573906648B}.Debug|Any CPU.Build.0 = Debug|Any CPU
		{B9F2D644-7C12-417B-A13B-43573906648B}.Release|Any CPU.ActiveCfg = Release|Any CPU
		{B9F2D644-7C12-417B-A13B-43573906648B}.Release|Any CPU.Build.0 = Release|Any CPU
		{6459EA71-C938-423D-BD2E-E5EC97A70113}.Debug|Any CPU.ActiveCfg = Debug|Any CPU
		{6459EA71-C938-423D-BD2E-E5EC97A70113}.Debug|Any CPU.Build.0 = Debug|Any CPU
		{6459EA71-C938-423D-BD2E-E5EC97A70113}.Release|Any CPU.ActiveCfg = Release|Any CPU
		{6459EA71-C938-423D-BD2E-E5EC97A70113}.Release|Any CPU.Build.0 = Release|Any CPU
		{D01EDEBE-474A-4A54-9A0E-2E8C878D7286}.Debug|Any CPU.ActiveCfg = Debug|Any CPU
		{D01EDEBE-474A-4A54-9A0E-2E8C878D7286}.Debug|Any CPU.Build.0 = Debug|Any CPU
		{D01EDEBE-474A-4A54-9A0E-2E8C878D7286}.Release|Any CPU.ActiveCfg = Release|Any CPU
		{D01EDEBE-474A-4A54-9A0E-2E8C878D7286}.Release|Any CPU.Build.0 = Release|Any CPU
		{006368F8-13D6-40BB-8D0E-7A4F928662D6}.Debug|Any CPU.ActiveCfg = Debug|Any CPU
		{006368F8-13D6-40BB-8D0E-7A4F928662D6}.Debug|Any CPU.Build.0 = Debug|Any CPU
		{006368F8-13D6-40BB-8D0E-7A4F928662D6}.Release|Any CPU.ActiveCfg = Release|Any CPU
		{006368F8-13D6-40BB-8D0E-7A4F928662D6}.Release|Any CPU.Build.0 = Release|Any CPU
		{E02FD37D-D9E7-4736-9FC1-8A596B844E25}.Debug|Any CPU.ActiveCfg = Debug|Any CPU
		{E02FD37D-D9E7-4736-9FC1-8A596B844E25}.Debug|Any CPU.Build.0 = Debug|Any CPU
		{E02FD37D-D9E7-4736-9FC1-8A596B844E25}.Release|Any CPU.ActiveCfg = Release|Any CPU
		{E02FD37D-D9E7-4736-9FC1-8A596B844E25}.Release|Any CPU.Build.0 = Release|Any CPU
		{44209AA6-AD31-4437-94BD-691A874CC088}.Debug|Any CPU.ActiveCfg = Debug|Any CPU
		{44209AA6-AD31-4437-94BD-691A874CC088}.Debug|Any CPU.Build.0 = Debug|Any CPU
		{44209AA6-AD31-4437-94BD-691A874CC088}.Release|Any CPU.ActiveCfg = Release|Any CPU
		{44209AA6-AD31-4437-94BD-691A874CC088}.Release|Any CPU.Build.0 = Release|Any CPU
		{F547D1E3-DD15-4DA1-807C-1D53ED1540B1}.Debug|Any CPU.ActiveCfg = Debug|Any CPU
		{F547D1E3-DD15-4DA1-807C-1D53ED1540B1}.Debug|Any CPU.Build.0 = Debug|Any CPU
		{F547D1E3-DD15-4DA1-807C-1D53ED1540B1}.Release|Any CPU.ActiveCfg = Release|Any CPU
		{F547D1E3-DD15-4DA1-807C-1D53ED1540B1}.Release|Any CPU.Build.0 = Release|Any CPU
		{6A596B46-3E33-4876-90BF-80CB412CDBF6}.Debug|Any CPU.ActiveCfg = Debug|Any CPU
		{6A596B46-3E33-4876-90BF-80CB412CDBF6}.Debug|Any CPU.Build.0 = Debug|Any CPU
		{6A596B46-3E33-4876-90BF-80CB412CDBF6}.Release|Any CPU.ActiveCfg = Release|Any CPU
		{6A596B46-3E33-4876-90BF-80CB412CDBF6}.Release|Any CPU.Build.0 = Release|Any CPU
		{D3D326A5-ECB2-42B2-88F9-2315CC5EDBA1}.Debug|Any CPU.ActiveCfg = Debug|Any CPU
		{D3D326A5-ECB2-42B2-88F9-2315CC5EDBA1}.Debug|Any CPU.Build.0 = Debug|Any CPU
		{D3D326A5-ECB2-42B2-88F9-2315CC5EDBA1}.Release|Any CPU.ActiveCfg = Release|Any CPU
		{D3D326A5-ECB2-42B2-88F9-2315CC5EDBA1}.Release|Any CPU.Build.0 = Release|Any CPU
		{8940A9D7-EE86-49EA-A6D1-11F7D627D3B5}.Debug|Any CPU.ActiveCfg = Debug|Any CPU
		{8940A9D7-EE86-49EA-A6D1-11F7D627D3B5}.Debug|Any CPU.Build.0 = Debug|Any CPU
		{8940A9D7-EE86-49EA-A6D1-11F7D627D3B5}.Release|Any CPU.ActiveCfg = Release|Any CPU
		{8940A9D7-EE86-49EA-A6D1-11F7D627D3B5}.Release|Any CPU.Build.0 = Release|Any CPU
		{A3C96363-2ACE-4850-AC75-D1EBA74D7485}.Debug|Any CPU.ActiveCfg = Debug|Any CPU
		{A3C96363-2ACE-4850-AC75-D1EBA74D7485}.Debug|Any CPU.Build.0 = Debug|Any CPU
		{A3C96363-2ACE-4850-AC75-D1EBA74D7485}.Release|Any CPU.ActiveCfg = Release|Any CPU
		{A3C96363-2ACE-4850-AC75-D1EBA74D7485}.Release|Any CPU.Build.0 = Release|Any CPU
		{9067A5C7-953D-4A08-AC0F-3177A1346B29}.Debug|Any CPU.ActiveCfg = Debug|Any CPU
		{9067A5C7-953D-4A08-AC0F-3177A1346B29}.Debug|Any CPU.Build.0 = Debug|Any CPU
		{9067A5C7-953D-4A08-AC0F-3177A1346B29}.Release|Any CPU.ActiveCfg = Release|Any CPU
		{9067A5C7-953D-4A08-AC0F-3177A1346B29}.Release|Any CPU.Build.0 = Release|Any CPU
		{2C2FF11A-14EC-4622-A385-1727F7AD8D82}.Debug|Any CPU.ActiveCfg = Debug|Any CPU
		{2C2FF11A-14EC-4622-A385-1727F7AD8D82}.Debug|Any CPU.Build.0 = Debug|Any CPU
		{2C2FF11A-14EC-4622-A385-1727F7AD8D82}.Release|Any CPU.ActiveCfg = Release|Any CPU
		{2C2FF11A-14EC-4622-A385-1727F7AD8D82}.Release|Any CPU.Build.0 = Release|Any CPU
		{B8A2B481-32C4-47E4-A0EB-83EB6B5C7128}.Debug|Any CPU.ActiveCfg = Debug|Any CPU
		{B8A2B481-32C4-47E4-A0EB-83EB6B5C7128}.Debug|Any CPU.Build.0 = Debug|Any CPU
		{B8A2B481-32C4-47E4-A0EB-83EB6B5C7128}.Release|Any CPU.ActiveCfg = Release|Any CPU
		{B8A2B481-32C4-47E4-A0EB-83EB6B5C7128}.Release|Any CPU.Build.0 = Release|Any CPU
		{EAA5BD4D-B1BD-4C18-8F4B-0BE59F83A044}.Debug|Any CPU.ActiveCfg = Debug|Any CPU
		{EAA5BD4D-B1BD-4C18-8F4B-0BE59F83A044}.Debug|Any CPU.Build.0 = Debug|Any CPU
		{EAA5BD4D-B1BD-4C18-8F4B-0BE59F83A044}.Release|Any CPU.ActiveCfg = Release|Any CPU
		{EAA5BD4D-B1BD-4C18-8F4B-0BE59F83A044}.Release|Any CPU.Build.0 = Release|Any CPU
		{10CE07EB-F014-470C-A065-406D171747B4}.Debug|Any CPU.ActiveCfg = Debug|Any CPU
		{10CE07EB-F014-470C-A065-406D171747B4}.Debug|Any CPU.Build.0 = Debug|Any CPU
		{10CE07EB-F014-470C-A065-406D171747B4}.Release|Any CPU.ActiveCfg = Release|Any CPU
		{10CE07EB-F014-470C-A065-406D171747B4}.Release|Any CPU.Build.0 = Release|Any CPU
		{9E151A29-C16E-49BD-B085-665AB2630232}.Debug|Any CPU.ActiveCfg = Debug|Any CPU
		{9E151A29-C16E-49BD-B085-665AB2630232}.Debug|Any CPU.Build.0 = Debug|Any CPU
		{9E151A29-C16E-49BD-B085-665AB2630232}.Release|Any CPU.ActiveCfg = Release|Any CPU
		{9E151A29-C16E-49BD-B085-665AB2630232}.Release|Any CPU.Build.0 = Release|Any CPU
		{49CCBE3B-6D98-4ABC-8FA5-F0AD6AE67D09}.Debug|Any CPU.ActiveCfg = Debug|Any CPU
		{49CCBE3B-6D98-4ABC-8FA5-F0AD6AE67D09}.Debug|Any CPU.Build.0 = Debug|Any CPU
		{49CCBE3B-6D98-4ABC-8FA5-F0AD6AE67D09}.Release|Any CPU.ActiveCfg = Release|Any CPU
		{49CCBE3B-6D98-4ABC-8FA5-F0AD6AE67D09}.Release|Any CPU.Build.0 = Release|Any CPU
		{0364FB1A-66F7-4509-8811-53BFD366B5F9}.Debug|Any CPU.ActiveCfg = Debug|Any CPU
		{0364FB1A-66F7-4509-8811-53BFD366B5F9}.Debug|Any CPU.Build.0 = Debug|Any CPU
		{0364FB1A-66F7-4509-8811-53BFD366B5F9}.Release|Any CPU.ActiveCfg = Release|Any CPU
		{0364FB1A-66F7-4509-8811-53BFD366B5F9}.Release|Any CPU.Build.0 = Release|Any CPU
		{8F0ACBAA-C96C-4F26-929B-1BB6581E2FD0}.Debug|Any CPU.ActiveCfg = Debug|Any CPU
		{8F0ACBAA-C96C-4F26-929B-1BB6581E2FD0}.Debug|Any CPU.Build.0 = Debug|Any CPU
		{8F0ACBAA-C96C-4F26-929B-1BB6581E2FD0}.Release|Any CPU.ActiveCfg = Release|Any CPU
		{8F0ACBAA-C96C-4F26-929B-1BB6581E2FD0}.Release|Any CPU.Build.0 = Release|Any CPU
		{FD0E8AE8-AC2C-45A2-95D8-C3AD659D9532}.Debug|Any CPU.ActiveCfg = Debug|Any CPU
		{FD0E8AE8-AC2C-45A2-95D8-C3AD659D9532}.Debug|Any CPU.Build.0 = Debug|Any CPU
		{FD0E8AE8-AC2C-45A2-95D8-C3AD659D9532}.Release|Any CPU.ActiveCfg = Release|Any CPU
		{FD0E8AE8-AC2C-45A2-95D8-C3AD659D9532}.Release|Any CPU.Build.0 = Release|Any CPU
		{02AD0836-64D8-413F-9B0A-51C2EF37221F}.Debug|Any CPU.ActiveCfg = Debug|Any CPU
		{02AD0836-64D8-413F-9B0A-51C2EF37221F}.Debug|Any CPU.Build.0 = Debug|Any CPU
		{02AD0836-64D8-413F-9B0A-51C2EF37221F}.Release|Any CPU.ActiveCfg = Release|Any CPU
		{02AD0836-64D8-413F-9B0A-51C2EF37221F}.Release|Any CPU.Build.0 = Release|Any CPU
	EndGlobalSection
	GlobalSection(SolutionProperties) = preSolution
		HideSolutionNode = FALSE
	EndGlobalSection
	GlobalSection(NestedProjects) = preSolution
		{BA51331E-E146-42AB-A32F-78674F869512} = {D635AE6B-98AE-4DE2-B780-B6605069B979}
		{A4F6A0D6-0D9D-402E-80F6-6929F9AA53CB} = {D635AE6B-98AE-4DE2-B780-B6605069B979}
		{8972A52C-B69B-4F2B-AE96-BF77CF08AFBB} = {D635AE6B-98AE-4DE2-B780-B6605069B979}
		{82D32530-19F1-4B9E-9722-22FBFA41D73E} = {D635AE6B-98AE-4DE2-B780-B6605069B979}
		{8229625C-1246-429C-AA9E-31BF95D6BBC7} = {D635AE6B-98AE-4DE2-B780-B6605069B979}
		{1D478597-33A4-485C-91A0-2C436F3B5704} = {D635AE6B-98AE-4DE2-B780-B6605069B979}
		{2E31329F-4972-4FC9-9399-B03D2853FD58} = {D635AE6B-98AE-4DE2-B780-B6605069B979}
		{86ECBDD7-735D-4182-BEBC-935F61C91DD0} = {D635AE6B-98AE-4DE2-B780-B6605069B979}
		{1DDC418C-69C4-417F-8DBA-23800480019F} = {D635AE6B-98AE-4DE2-B780-B6605069B979}
		{D01EDEBE-474A-4A54-9A0E-2E8C878D7286} = {D635AE6B-98AE-4DE2-B780-B6605069B979}
		{E02FD37D-D9E7-4736-9FC1-8A596B844E25} = {D635AE6B-98AE-4DE2-B780-B6605069B979}
		{6A596B46-3E33-4876-90BF-80CB412CDBF6} = {D635AE6B-98AE-4DE2-B780-B6605069B979}
		{A3C96363-2ACE-4850-AC75-D1EBA74D7485} = {D635AE6B-98AE-4DE2-B780-B6605069B979}
		{2C2FF11A-14EC-4622-A385-1727F7AD8D82} = {D635AE6B-98AE-4DE2-B780-B6605069B979}
		{EAA5BD4D-B1BD-4C18-8F4B-0BE59F83A044} = {D635AE6B-98AE-4DE2-B780-B6605069B979}
		{10CE07EB-F014-470C-A065-406D171747B4} = {D635AE6B-98AE-4DE2-B780-B6605069B979}
		{49CCBE3B-6D98-4ABC-8FA5-F0AD6AE67D09} = {D635AE6B-98AE-4DE2-B780-B6605069B979}
		{FD0E8AE8-AC2C-45A2-95D8-C3AD659D9532} = {D635AE6B-98AE-4DE2-B780-B6605069B979}
		{793C090B-03BE-4654-B3A0-C297151541B7} = {0A373A62-EB8E-42BE-B5CC-1322D9CEE75B}
		{55A396E5-76F4-4878-B6E2-7A7F226218E6} = {0A373A62-EB8E-42BE-B5CC-1322D9CEE75B}
		{7EA4755E-69C6-4D2A-9BB5-9F8A83E0BC56} = {0A373A62-EB8E-42BE-B5CC-1322D9CEE75B}
		{2AFEEC4A-621A-40C3-8E02-4C3B0A0DF906} = {0A373A62-EB8E-42BE-B5CC-1322D9CEE75B}
		{1CD443E6-0002-4F71-A524-F05F9DC10C72} = {0A373A62-EB8E-42BE-B5CC-1322D9CEE75B}
		{6459EA71-C938-423D-BD2E-E5EC97A70113} = {0A373A62-EB8E-42BE-B5CC-1322D9CEE75B}
		{006368F8-13D6-40BB-8D0E-7A4F928662D6} = {0A373A62-EB8E-42BE-B5CC-1322D9CEE75B}
		{44209AA6-AD31-4437-94BD-691A874CC088} = {0A373A62-EB8E-42BE-B5CC-1322D9CEE75B}
		{F547D1E3-DD15-4DA1-807C-1D53ED1540B1} = {0A373A62-EB8E-42BE-B5CC-1322D9CEE75B}
		{D3D326A5-ECB2-42B2-88F9-2315CC5EDBA1} = {0A373A62-EB8E-42BE-B5CC-1322D9CEE75B}
		{8940A9D7-EE86-49EA-A6D1-11F7D627D3B5} = {0A373A62-EB8E-42BE-B5CC-1322D9CEE75B}
		{9067A5C7-953D-4A08-AC0F-3177A1346B29} = {0A373A62-EB8E-42BE-B5CC-1322D9CEE75B}
		{B8A2B481-32C4-47E4-A0EB-83EB6B5C7128} = {0A373A62-EB8E-42BE-B5CC-1322D9CEE75B}
		{7072A8C0-B951-4996-8CC1-6886DCE60016} = {0A373A62-EB8E-42BE-B5CC-1322D9CEE75B}
		{9E151A29-C16E-49BD-B085-665AB2630232} = {0A373A62-EB8E-42BE-B5CC-1322D9CEE75B}
		{0364FB1A-66F7-4509-8811-53BFD366B5F9} = {0A373A62-EB8E-42BE-B5CC-1322D9CEE75B}
		{02AD0836-64D8-413F-9B0A-51C2EF37221F} = {0A373A62-EB8E-42BE-B5CC-1322D9CEE75B}
	EndGlobalSection
EndGlobal
